
Microsoft Visual Studio Solution File, Format Version 12.00
# Visual Studio Version 17
VisualStudioVersion = 17.3.32901.215
MinimumVisualStudioVersion = 10.0.40219.1
Project("{FAE04EC0-301F-11D3-BF4B-00C04F79EFBC}") = "BE", "BE\BE.csproj", "{69E92B66-23AD-4D3B-A213-D75B65FED12C}"
EndProject
Project("{FAE04EC0-301F-11D3-BF4B-00C04F79EFBC}") = "BE.Model", "BE.Model\BE.Model.csproj", "{962E0AB0-4EC0-4935-8607-41759480734E}"
EndProject
Global
	GlobalSection(SolutionConfigurationPlatforms) = preSolution
		Debug|Any CPU = Debug|Any CPU
		Release|Any CPU = Release|Any CPU
	EndGlobalSection
	GlobalSection(ProjectConfigurationPlatforms) = postSolution
		{69E92B66-23AD-4D3B-A213-D75B65FED12C}.Debug|Any CPU.ActiveCfg = Debug|Any CPU
		{69E92B66-23AD-4D3B-A213-D75B65FED12C}.Debug|Any CPU.Build.0 = Debug|Any CPU
		{69E92B66-23AD-4D3B-A213-D75B65FED12C}.Release|Any CPU.ActiveCfg = Release|Any CPU
		{69E92B66-23AD-4D3B-A213-D75B65FED12C}.Release|Any CPU.Build.0 = Release|Any CPU
		{962E0AB0-4EC0-4935-8607-41759480734E}.Debug|Any CPU.ActiveCfg = Debug|Any CPU
		{962E0AB0-4EC0-4935-8607-41759480734E}.Debug|Any CPU.Build.0 = Debug|Any CPU
		{962E0AB0-4EC0-4935-8607-41759480734E}.Release|Any CPU.ActiveCfg = Release|Any CPU
		{962E0AB0-4EC0-4935-8607-41759480734E}.Release|Any CPU.Build.0 = Release|Any CPU
	EndGlobalSection
	GlobalSection(SolutionProperties) = preSolution
		HideSolutionNode = FALSE
	EndGlobalSection
	GlobalSection(ExtensibilityGlobals) = postSolution
		SolutionGuid = {3DCCF3F9-906E-4FE4-B68D-2851ECE95DE7}
	EndGlobalSection
EndGlobal
